
Microsoft Visual Studio Solution File, Format Version 12.00
# Visual Studio Version 16
VisualStudioVersion = 16.0.31728.76
MinimumVisualStudioVersion = 10.0.40219.1
Project("{FAE04EC0-301F-11D3-BF4B-00C04F79EFBC}") = "Exercicio1154", "Exercicio1154\Exercicio1154.csproj", "{C2ED713C-A042-45B7-93B2-6F41B3828EFC}"
EndProject
Global
	GlobalSection(SolutionConfigurationPlatforms) = preSolution
		Debug|Any CPU = Debug|Any CPU
		Release|Any CPU = Release|Any CPU
	EndGlobalSection
	GlobalSection(ProjectConfigurationPlatforms) = postSolution
		{C2ED713C-A042-45B7-93B2-6F41B3828EFC}.Debug|Any CPU.ActiveCfg = Debug|Any CPU
		{C2ED713C-A042-45B7-93B2-6F41B3828EFC}.Debug|Any CPU.Build.0 = Debug|Any CPU
		{C2ED713C-A042-45B7-93B2-6F41B3828EFC}.Release|Any CPU.ActiveCfg = Release|Any CPU
		{C2ED713C-A042-45B7-93B2-6F41B3828EFC}.Release|Any CPU.Build.0 = Release|Any CPU
	EndGlobalSection
	GlobalSection(SolutionProperties) = preSolution
		HideSolutionNode = FALSE
	EndGlobalSection
	GlobalSection(ExtensibilityGlobals) = postSolution
		SolutionGuid = {73469BA0-E835-4087-9FE9-B6BDEF58BCD1}
	EndGlobalSection
EndGlobal
