
Microsoft Visual Studio Solution File, Format Version 12.00
# Visual Studio Version 16
VisualStudioVersion = 16.0.31728.76
MinimumVisualStudioVersion = 10.0.40219.1
Project("{FAE04EC0-301F-11D3-BF4B-00C04F79EFBC}") = "Exercicio1Vetores", "Exercicio1Vetores\Exercicio1Vetores.csproj", "{3B1AD4FD-3CFC-42FF-91A6-2CE379E3DA78}"
EndProject
Global
	GlobalSection(SolutionConfigurationPlatforms) = preSolution
		Debug|Any CPU = Debug|Any CPU
		Release|Any CPU = Release|Any CPU
	EndGlobalSection
	GlobalSection(ProjectConfigurationPlatforms) = postSolution
		{3B1AD4FD-3CFC-42FF-91A6-2CE379E3DA78}.Debug|Any CPU.ActiveCfg = Debug|Any CPU
		{3B1AD4FD-3CFC-42FF-91A6-2CE379E3DA78}.Debug|Any CPU.Build.0 = Debug|Any CPU
		{3B1AD4FD-3CFC-42FF-91A6-2CE379E3DA78}.Release|Any CPU.ActiveCfg = Release|Any CPU
		{3B1AD4FD-3CFC-42FF-91A6-2CE379E3DA78}.Release|Any CPU.Build.0 = Release|Any CPU
	EndGlobalSection
	GlobalSection(SolutionProperties) = preSolution
		HideSolutionNode = FALSE
	EndGlobalSection
	GlobalSection(ExtensibilityGlobals) = postSolution
		SolutionGuid = {69AE08D0-57F0-4C85-B9EC-1CA01F844A5C}
	EndGlobalSection
EndGlobal
