
Microsoft Visual Studio Solution File, Format Version 12.00
# Visual Studio Version 16
VisualStudioVersion = 16.0.31728.76
MinimumVisualStudioVersion = 10.0.40219.1
Project("{FAE04EC0-301F-11D3-BF4B-00C04F79EFBC}") = "Exercicio1005", "Exercicio1005\Exercicio1005.csproj", "{6C5045E7-6437-493F-B5B8-E8512653C75C}"
EndProject
Global
	GlobalSection(SolutionConfigurationPlatforms) = preSolution
		Debug|Any CPU = Debug|Any CPU
		Release|Any CPU = Release|Any CPU
	EndGlobalSection
	GlobalSection(ProjectConfigurationPlatforms) = postSolution
		{6C5045E7-6437-493F-B5B8-E8512653C75C}.Debug|Any CPU.ActiveCfg = Debug|Any CPU
		{6C5045E7-6437-493F-B5B8-E8512653C75C}.Debug|Any CPU.Build.0 = Debug|Any CPU
		{6C5045E7-6437-493F-B5B8-E8512653C75C}.Release|Any CPU.ActiveCfg = Release|Any CPU
		{6C5045E7-6437-493F-B5B8-E8512653C75C}.Release|Any CPU.Build.0 = Release|Any CPU
	EndGlobalSection
	GlobalSection(SolutionProperties) = preSolution
		HideSolutionNode = FALSE
	EndGlobalSection
	GlobalSection(ExtensibilityGlobals) = postSolution
		SolutionGuid = {681B98D9-CD30-4B21-8CC7-3883306C4FFA}
	EndGlobalSection
EndGlobal
