
Microsoft Visual Studio Solution File, Format Version 12.00
# Visual Studio Version 16
VisualStudioVersion = 16.0.31728.76
MinimumVisualStudioVersion = 10.0.40219.1
Project("{FAE04EC0-301F-11D3-BF4B-00C04F79EFBC}") = "EXEstruturarepetitivafaça-enquanto", "EXEstruturarepetitivafaça-enquanto\EXEstruturarepetitivafaça-enquanto.csproj", "{E56E825D-9AE0-440D-90B1-7EFA808DA75A}"
EndProject
Global
	GlobalSection(SolutionConfigurationPlatforms) = preSolution
		Debug|Any CPU = Debug|Any CPU
		Release|Any CPU = Release|Any CPU
	EndGlobalSection
	GlobalSection(ProjectConfigurationPlatforms) = postSolution
		{E56E825D-9AE0-440D-90B1-7EFA808DA75A}.Debug|Any CPU.ActiveCfg = Debug|Any CPU
		{E56E825D-9AE0-440D-90B1-7EFA808DA75A}.Debug|Any CPU.Build.0 = Debug|Any CPU
		{E56E825D-9AE0-440D-90B1-7EFA808DA75A}.Release|Any CPU.ActiveCfg = Release|Any CPU
		{E56E825D-9AE0-440D-90B1-7EFA808DA75A}.Release|Any CPU.Build.0 = Release|Any CPU
	EndGlobalSection
	GlobalSection(SolutionProperties) = preSolution
		HideSolutionNode = FALSE
	EndGlobalSection
	GlobalSection(ExtensibilityGlobals) = postSolution
		SolutionGuid = {8C30848B-40EE-46DE-A5BF-71434E2DF34F}
	EndGlobalSection
EndGlobal
