
Microsoft Visual Studio Solution File, Format Version 12.00
# Visual Studio Version 16
VisualStudioVersion = 16.0.31728.76
MinimumVisualStudioVersion = 10.0.40219.1
Project("{FAE04EC0-301F-11D3-BF4B-00C04F79EFBC}") = "Projeto2", "Projeto2\Projeto2.csproj", "{7C270922-7980-4C63-BD8F-46D476C79EFC}"
EndProject
Global
	GlobalSection(SolutionConfigurationPlatforms) = preSolution
		Debug|Any CPU = Debug|Any CPU
		Release|Any CPU = Release|Any CPU
	EndGlobalSection
	GlobalSection(ProjectConfigurationPlatforms) = postSolution
		{7C270922-7980-4C63-BD8F-46D476C79EFC}.Debug|Any CPU.ActiveCfg = Debug|Any CPU
		{7C270922-7980-4C63-BD8F-46D476C79EFC}.Debug|Any CPU.Build.0 = Debug|Any CPU
		{7C270922-7980-4C63-BD8F-46D476C79EFC}.Release|Any CPU.ActiveCfg = Release|Any CPU
		{7C270922-7980-4C63-BD8F-46D476C79EFC}.Release|Any CPU.Build.0 = Release|Any CPU
	EndGlobalSection
	GlobalSection(SolutionProperties) = preSolution
		HideSolutionNode = FALSE
	EndGlobalSection
	GlobalSection(ExtensibilityGlobals) = postSolution
		SolutionGuid = {60F7B3AB-8C6C-4B53-8A03-1BE822775991}
	EndGlobalSection
EndGlobal
