
Microsoft Visual Studio Solution File, Format Version 12.00
# Visual Studio Version 16
VisualStudioVersion = 16.0.31728.76
MinimumVisualStudioVersion = 10.0.40219.1
Project("{FAE04EC0-301F-11D3-BF4B-00C04F79EFBC}") = "TESTEDEMESA", "TESTEDEMESA\TESTEDEMESA.csproj", "{164A959E-7AE7-4A6E-979C-DFE3FD780394}"
EndProject
Global
	GlobalSection(SolutionConfigurationPlatforms) = preSolution
		Debug|Any CPU = Debug|Any CPU
		Release|Any CPU = Release|Any CPU
	EndGlobalSection
	GlobalSection(ProjectConfigurationPlatforms) = postSolution
		{164A959E-7AE7-4A6E-979C-DFE3FD780394}.Debug|Any CPU.ActiveCfg = Debug|Any CPU
		{164A959E-7AE7-4A6E-979C-DFE3FD780394}.Debug|Any CPU.Build.0 = Debug|Any CPU
		{164A959E-7AE7-4A6E-979C-DFE3FD780394}.Release|Any CPU.ActiveCfg = Release|Any CPU
		{164A959E-7AE7-4A6E-979C-DFE3FD780394}.Release|Any CPU.Build.0 = Release|Any CPU
	EndGlobalSection
	GlobalSection(SolutionProperties) = preSolution
		HideSolutionNode = FALSE
	EndGlobalSection
	GlobalSection(ExtensibilityGlobals) = postSolution
		SolutionGuid = {840B74E5-8466-4E35-9586-08562E82A93A}
	EndGlobalSection
EndGlobal
