
Microsoft Visual Studio Solution File, Format Version 12.00
# Visual Studio Version 16
VisualStudioVersion = 16.0.31728.76
MinimumVisualStudioVersion = 10.0.40219.1
Project("{FAE04EC0-301F-11D3-BF4B-00C04F79EFBC}") = "Exercicio1159", "Exercicio1159\Exercicio1159.csproj", "{103505C1-5244-4AD5-A9E3-B7AFE07267DF}"
EndProject
Global
	GlobalSection(SolutionConfigurationPlatforms) = preSolution
		Debug|Any CPU = Debug|Any CPU
		Release|Any CPU = Release|Any CPU
	EndGlobalSection
	GlobalSection(ProjectConfigurationPlatforms) = postSolution
		{103505C1-5244-4AD5-A9E3-B7AFE07267DF}.Debug|Any CPU.ActiveCfg = Debug|Any CPU
		{103505C1-5244-4AD5-A9E3-B7AFE07267DF}.Debug|Any CPU.Build.0 = Debug|Any CPU
		{103505C1-5244-4AD5-A9E3-B7AFE07267DF}.Release|Any CPU.ActiveCfg = Release|Any CPU
		{103505C1-5244-4AD5-A9E3-B7AFE07267DF}.Release|Any CPU.Build.0 = Release|Any CPU
	EndGlobalSection
	GlobalSection(SolutionProperties) = preSolution
		HideSolutionNode = FALSE
	EndGlobalSection
	GlobalSection(ExtensibilityGlobals) = postSolution
		SolutionGuid = {660AC143-91A2-4FA4-A20A-30D05F3C5798}
	EndGlobalSection
EndGlobal
