
Microsoft Visual Studio Solution File, Format Version 12.00
# Visual Studio Version 16
VisualStudioVersion = 16.0.31728.76
MinimumVisualStudioVersion = 10.0.40219.1
Project("{FAE04EC0-301F-11D3-BF4B-00C04F79EFBC}") = "Exercicio1061DesafioEvento", "Exercicio1061DesafioEvento\Exercicio1061DesafioEvento.csproj", "{1A0D493E-56DD-4208-BBC6-3E0A34427F71}"
EndProject
Global
	GlobalSection(SolutionConfigurationPlatforms) = preSolution
		Debug|Any CPU = Debug|Any CPU
		Release|Any CPU = Release|Any CPU
	EndGlobalSection
	GlobalSection(ProjectConfigurationPlatforms) = postSolution
		{1A0D493E-56DD-4208-BBC6-3E0A34427F71}.Debug|Any CPU.ActiveCfg = Debug|Any CPU
		{1A0D493E-56DD-4208-BBC6-3E0A34427F71}.Debug|Any CPU.Build.0 = Debug|Any CPU
		{1A0D493E-56DD-4208-BBC6-3E0A34427F71}.Release|Any CPU.ActiveCfg = Release|Any CPU
		{1A0D493E-56DD-4208-BBC6-3E0A34427F71}.Release|Any CPU.Build.0 = Release|Any CPU
	EndGlobalSection
	GlobalSection(SolutionProperties) = preSolution
		HideSolutionNode = FALSE
	EndGlobalSection
	GlobalSection(ExtensibilityGlobals) = postSolution
		SolutionGuid = {7B10DE0A-7440-4D5F-8AC9-BE5D11C35C9F}
	EndGlobalSection
EndGlobal
