
Microsoft Visual Studio Solution File, Format Version 12.00
# Visual Studio Version 16
VisualStudioVersion = 16.0.31728.76
MinimumVisualStudioVersion = 10.0.40219.1
Project("{FAE04EC0-301F-11D3-BF4B-00C04F79EFBC}") = "Exercicio1096", "Exercicio1096\Exercicio1096.csproj", "{E48DDEB4-4327-4FAD-9606-ADC7DA71D011}"
EndProject
Global
	GlobalSection(SolutionConfigurationPlatforms) = preSolution
		Debug|Any CPU = Debug|Any CPU
		Release|Any CPU = Release|Any CPU
	EndGlobalSection
	GlobalSection(ProjectConfigurationPlatforms) = postSolution
		{E48DDEB4-4327-4FAD-9606-ADC7DA71D011}.Debug|Any CPU.ActiveCfg = Debug|Any CPU
		{E48DDEB4-4327-4FAD-9606-ADC7DA71D011}.Debug|Any CPU.Build.0 = Debug|Any CPU
		{E48DDEB4-4327-4FAD-9606-ADC7DA71D011}.Release|Any CPU.ActiveCfg = Release|Any CPU
		{E48DDEB4-4327-4FAD-9606-ADC7DA71D011}.Release|Any CPU.Build.0 = Release|Any CPU
	EndGlobalSection
	GlobalSection(SolutionProperties) = preSolution
		HideSolutionNode = FALSE
	EndGlobalSection
	GlobalSection(ExtensibilityGlobals) = postSolution
		SolutionGuid = {4C08D39D-6976-4F47-B084-8DF82846CB13}
	EndGlobalSection
EndGlobal
