
Microsoft Visual Studio Solution File, Format Version 12.00
# Visual Studio Version 16
VisualStudioVersion = 16.0.31728.76
MinimumVisualStudioVersion = 10.0.40219.1
Project("{FAE04EC0-301F-11D3-BF4B-00C04F79EFBC}") = "Exercicio1041", "Exercicio1041\Exercicio1041.csproj", "{8C8E2880-2776-4A35-A3FD-4B5DE8B672AA}"
EndProject
Global
	GlobalSection(SolutionConfigurationPlatforms) = preSolution
		Debug|Any CPU = Debug|Any CPU
		Release|Any CPU = Release|Any CPU
	EndGlobalSection
	GlobalSection(ProjectConfigurationPlatforms) = postSolution
		{8C8E2880-2776-4A35-A3FD-4B5DE8B672AA}.Debug|Any CPU.ActiveCfg = Debug|Any CPU
		{8C8E2880-2776-4A35-A3FD-4B5DE8B672AA}.Debug|Any CPU.Build.0 = Debug|Any CPU
		{8C8E2880-2776-4A35-A3FD-4B5DE8B672AA}.Release|Any CPU.ActiveCfg = Release|Any CPU
		{8C8E2880-2776-4A35-A3FD-4B5DE8B672AA}.Release|Any CPU.Build.0 = Release|Any CPU
	EndGlobalSection
	GlobalSection(SolutionProperties) = preSolution
		HideSolutionNode = FALSE
	EndGlobalSection
	GlobalSection(ExtensibilityGlobals) = postSolution
		SolutionGuid = {06752D62-9573-4D68-A2CA-4178EC99C7F6}
	EndGlobalSection
EndGlobal
