
Microsoft Visual Studio Solution File, Format Version 12.00
# Visual Studio Version 16
VisualStudioVersion = 16.0.31728.76
MinimumVisualStudioVersion = 10.0.40219.1
Project("{FAE04EC0-301F-11D3-BF4B-00C04F79EFBC}") = "Exercicio1013 - ABS", "Exercicio1013 - ABS\Exercicio1013 - ABS.csproj", "{09972729-25D8-40F1-9AE8-AAFC2712921E}"
EndProject
Global
	GlobalSection(SolutionConfigurationPlatforms) = preSolution
		Debug|Any CPU = Debug|Any CPU
		Release|Any CPU = Release|Any CPU
	EndGlobalSection
	GlobalSection(ProjectConfigurationPlatforms) = postSolution
		{09972729-25D8-40F1-9AE8-AAFC2712921E}.Debug|Any CPU.ActiveCfg = Debug|Any CPU
		{09972729-25D8-40F1-9AE8-AAFC2712921E}.Debug|Any CPU.Build.0 = Debug|Any CPU
		{09972729-25D8-40F1-9AE8-AAFC2712921E}.Release|Any CPU.ActiveCfg = Release|Any CPU
		{09972729-25D8-40F1-9AE8-AAFC2712921E}.Release|Any CPU.Build.0 = Release|Any CPU
	EndGlobalSection
	GlobalSection(SolutionProperties) = preSolution
		HideSolutionNode = FALSE
	EndGlobalSection
	GlobalSection(ExtensibilityGlobals) = postSolution
		SolutionGuid = {AB95AC70-C119-4EE7-A4EB-DAB8D6051021}
	EndGlobalSection
EndGlobal
