
Microsoft Visual Studio Solution File, Format Version 12.00
# Visual Studio Version 16
VisualStudioVersion = 16.0.31728.76
MinimumVisualStudioVersion = 10.0.40219.1
Project("{FAE04EC0-301F-11D3-BF4B-00C04F79EFBC}") = "Exercicio1003", "Exercicio1003\Exercicio1003.csproj", "{79D3478C-88B4-42EE-96CD-393BFF97F4E8}"
EndProject
Global
	GlobalSection(SolutionConfigurationPlatforms) = preSolution
		Debug|Any CPU = Debug|Any CPU
		Release|Any CPU = Release|Any CPU
	EndGlobalSection
	GlobalSection(ProjectConfigurationPlatforms) = postSolution
		{79D3478C-88B4-42EE-96CD-393BFF97F4E8}.Debug|Any CPU.ActiveCfg = Debug|Any CPU
		{79D3478C-88B4-42EE-96CD-393BFF97F4E8}.Debug|Any CPU.Build.0 = Debug|Any CPU
		{79D3478C-88B4-42EE-96CD-393BFF97F4E8}.Release|Any CPU.ActiveCfg = Release|Any CPU
		{79D3478C-88B4-42EE-96CD-393BFF97F4E8}.Release|Any CPU.Build.0 = Release|Any CPU
	EndGlobalSection
	GlobalSection(SolutionProperties) = preSolution
		HideSolutionNode = FALSE
	EndGlobalSection
	GlobalSection(ExtensibilityGlobals) = postSolution
		SolutionGuid = {11FC69E8-8FE3-4361-BDBF-7F4FD8839120}
	EndGlobalSection
EndGlobal
