
Microsoft Visual Studio Solution File, Format Version 12.00
# Visual Studio Version 16
VisualStudioVersion = 16.0.31728.76
MinimumVisualStudioVersion = 10.0.40219.1
Project("{FAE04EC0-301F-11D3-BF4B-00C04F79EFBC}") = "Exercicio1045", "Exercicio1045\Exercicio1045.csproj", "{476A3F16-F60F-4CCA-AFC5-1DBB46FFA1A1}"
EndProject
Global
	GlobalSection(SolutionConfigurationPlatforms) = preSolution
		Debug|Any CPU = Debug|Any CPU
		Release|Any CPU = Release|Any CPU
	EndGlobalSection
	GlobalSection(ProjectConfigurationPlatforms) = postSolution
		{476A3F16-F60F-4CCA-AFC5-1DBB46FFA1A1}.Debug|Any CPU.ActiveCfg = Debug|Any CPU
		{476A3F16-F60F-4CCA-AFC5-1DBB46FFA1A1}.Debug|Any CPU.Build.0 = Debug|Any CPU
		{476A3F16-F60F-4CCA-AFC5-1DBB46FFA1A1}.Release|Any CPU.ActiveCfg = Release|Any CPU
		{476A3F16-F60F-4CCA-AFC5-1DBB46FFA1A1}.Release|Any CPU.Build.0 = Release|Any CPU
	EndGlobalSection
	GlobalSection(SolutionProperties) = preSolution
		HideSolutionNode = FALSE
	EndGlobalSection
	GlobalSection(ExtensibilityGlobals) = postSolution
		SolutionGuid = {E41DC534-66D9-4740-9882-67D2B64B7C7B}
	EndGlobalSection
EndGlobal
