
Microsoft Visual Studio Solution File, Format Version 12.00
# Visual Studio Version 16
VisualStudioVersion = 16.0.31728.76
MinimumVisualStudioVersion = 10.0.40219.1
Project("{FAE04EC0-301F-11D3-BF4B-00C04F79EFBC}") = "Exercicio9Vetores", "Exercicio9Vetores\Exercicio9Vetores.csproj", "{A5F446E4-6069-44C4-B8D9-BB72C634A08E}"
EndProject
Global
	GlobalSection(SolutionConfigurationPlatforms) = preSolution
		Debug|Any CPU = Debug|Any CPU
		Release|Any CPU = Release|Any CPU
	EndGlobalSection
	GlobalSection(ProjectConfigurationPlatforms) = postSolution
		{A5F446E4-6069-44C4-B8D9-BB72C634A08E}.Debug|Any CPU.ActiveCfg = Debug|Any CPU
		{A5F446E4-6069-44C4-B8D9-BB72C634A08E}.Debug|Any CPU.Build.0 = Debug|Any CPU
		{A5F446E4-6069-44C4-B8D9-BB72C634A08E}.Release|Any CPU.ActiveCfg = Release|Any CPU
		{A5F446E4-6069-44C4-B8D9-BB72C634A08E}.Release|Any CPU.Build.0 = Release|Any CPU
	EndGlobalSection
	GlobalSection(SolutionProperties) = preSolution
		HideSolutionNode = FALSE
	EndGlobalSection
	GlobalSection(ExtensibilityGlobals) = postSolution
		SolutionGuid = {D413A9ED-AF8C-48A5-983C-21331D1845DC}
	EndGlobalSection
EndGlobal
