
Microsoft Visual Studio Solution File, Format Version 12.00
# Visual Studio Version 16
VisualStudioVersion = 16.0.31728.76
MinimumVisualStudioVersion = 10.0.40219.1
Project("{FAE04EC0-301F-11D3-BF4B-00C04F79EFBC}") = "Exercicio3", "Exercicio3\Exercicio3.csproj", "{B02C5621-C49E-465A-987B-4C6810936AEA}"
EndProject
Global
	GlobalSection(SolutionConfigurationPlatforms) = preSolution
		Debug|Any CPU = Debug|Any CPU
		Release|Any CPU = Release|Any CPU
	EndGlobalSection
	GlobalSection(ProjectConfigurationPlatforms) = postSolution
		{B02C5621-C49E-465A-987B-4C6810936AEA}.Debug|Any CPU.ActiveCfg = Debug|Any CPU
		{B02C5621-C49E-465A-987B-4C6810936AEA}.Debug|Any CPU.Build.0 = Debug|Any CPU
		{B02C5621-C49E-465A-987B-4C6810936AEA}.Release|Any CPU.ActiveCfg = Release|Any CPU
		{B02C5621-C49E-465A-987B-4C6810936AEA}.Release|Any CPU.Build.0 = Release|Any CPU
	EndGlobalSection
	GlobalSection(SolutionProperties) = preSolution
		HideSolutionNode = FALSE
	EndGlobalSection
	GlobalSection(ExtensibilityGlobals) = postSolution
		SolutionGuid = {676DF98F-7E47-4301-8CA6-E5E6442F4F1A}
	EndGlobalSection
EndGlobal
