
Microsoft Visual Studio Solution File, Format Version 12.00
# Visual Studio Version 16
VisualStudioVersion = 16.0.31728.76
MinimumVisualStudioVersion = 10.0.40219.1
Project("{FAE04EC0-301F-11D3-BF4B-00C04F79EFBC}") = "Exercicio1004", "Exercicio1004\Exercicio1004.csproj", "{53815DDC-6379-4119-802F-ED6903F24540}"
EndProject
Global
	GlobalSection(SolutionConfigurationPlatforms) = preSolution
		Debug|Any CPU = Debug|Any CPU
		Release|Any CPU = Release|Any CPU
	EndGlobalSection
	GlobalSection(ProjectConfigurationPlatforms) = postSolution
		{53815DDC-6379-4119-802F-ED6903F24540}.Debug|Any CPU.ActiveCfg = Debug|Any CPU
		{53815DDC-6379-4119-802F-ED6903F24540}.Debug|Any CPU.Build.0 = Debug|Any CPU
		{53815DDC-6379-4119-802F-ED6903F24540}.Release|Any CPU.ActiveCfg = Release|Any CPU
		{53815DDC-6379-4119-802F-ED6903F24540}.Release|Any CPU.Build.0 = Release|Any CPU
	EndGlobalSection
	GlobalSection(SolutionProperties) = preSolution
		HideSolutionNode = FALSE
	EndGlobalSection
	GlobalSection(ExtensibilityGlobals) = postSolution
		SolutionGuid = {3FD97419-11AE-46EC-B7EE-7A29A071B2B9}
	EndGlobalSection
EndGlobal
