
Microsoft Visual Studio Solution File, Format Version 12.00
# Visual Studio Version 16
VisualStudioVersion = 16.0.31728.76
MinimumVisualStudioVersion = 10.0.40219.1
Project("{FAE04EC0-301F-11D3-BF4B-00C04F79EFBC}") = "Estruturarepetitivaenquantoex1", "Estruturarepetitivaenquantoex1\Estruturarepetitivaenquantoex1.csproj", "{8C5658C9-DA27-4DB0-A10D-4D50BC62FB13}"
EndProject
Global
	GlobalSection(SolutionConfigurationPlatforms) = preSolution
		Debug|Any CPU = Debug|Any CPU
		Release|Any CPU = Release|Any CPU
	EndGlobalSection
	GlobalSection(ProjectConfigurationPlatforms) = postSolution
		{8C5658C9-DA27-4DB0-A10D-4D50BC62FB13}.Debug|Any CPU.ActiveCfg = Debug|Any CPU
		{8C5658C9-DA27-4DB0-A10D-4D50BC62FB13}.Debug|Any CPU.Build.0 = Debug|Any CPU
		{8C5658C9-DA27-4DB0-A10D-4D50BC62FB13}.Release|Any CPU.ActiveCfg = Release|Any CPU
		{8C5658C9-DA27-4DB0-A10D-4D50BC62FB13}.Release|Any CPU.Build.0 = Release|Any CPU
	EndGlobalSection
	GlobalSection(SolutionProperties) = preSolution
		HideSolutionNode = FALSE
	EndGlobalSection
	GlobalSection(ExtensibilityGlobals) = postSolution
		SolutionGuid = {42D744F9-944F-48BE-9E0C-C4E0B9B2C1DD}
	EndGlobalSection
EndGlobal
