
Microsoft Visual Studio Solution File, Format Version 12.00
# Visual Studio Version 16
VisualStudioVersion = 16.0.31728.76
MinimumVisualStudioVersion = 10.0.40219.1
Project("{FAE04EC0-301F-11D3-BF4B-00C04F79EFBC}") = "Exercicio2Vetores", "Exercicio2Vetores\Exercicio2Vetores.csproj", "{7CE7A8B6-478E-460D-AABF-81F2229466EB}"
EndProject
Global
	GlobalSection(SolutionConfigurationPlatforms) = preSolution
		Debug|Any CPU = Debug|Any CPU
		Release|Any CPU = Release|Any CPU
	EndGlobalSection
	GlobalSection(ProjectConfigurationPlatforms) = postSolution
		{7CE7A8B6-478E-460D-AABF-81F2229466EB}.Debug|Any CPU.ActiveCfg = Debug|Any CPU
		{7CE7A8B6-478E-460D-AABF-81F2229466EB}.Debug|Any CPU.Build.0 = Debug|Any CPU
		{7CE7A8B6-478E-460D-AABF-81F2229466EB}.Release|Any CPU.ActiveCfg = Release|Any CPU
		{7CE7A8B6-478E-460D-AABF-81F2229466EB}.Release|Any CPU.Build.0 = Release|Any CPU
	EndGlobalSection
	GlobalSection(SolutionProperties) = preSolution
		HideSolutionNode = FALSE
	EndGlobalSection
	GlobalSection(ExtensibilityGlobals) = postSolution
		SolutionGuid = {FC9CABBA-2A6B-4182-A7D0-429771557484}
	EndGlobalSection
EndGlobal
