
Microsoft Visual Studio Solution File, Format Version 12.00
# Visual Studio Version 16
VisualStudioVersion = 16.0.31728.76
MinimumVisualStudioVersion = 10.0.40219.1
Project("{FAE04EC0-301F-11D3-BF4B-00C04F79EFBC}") = "Exercicio4Vetores", "Exercicio4Vetores\Exercicio4Vetores.csproj", "{DE100116-9441-4899-8244-1E10CF697C98}"
EndProject
Global
	GlobalSection(SolutionConfigurationPlatforms) = preSolution
		Debug|Any CPU = Debug|Any CPU
		Release|Any CPU = Release|Any CPU
	EndGlobalSection
	GlobalSection(ProjectConfigurationPlatforms) = postSolution
		{DE100116-9441-4899-8244-1E10CF697C98}.Debug|Any CPU.ActiveCfg = Debug|Any CPU
		{DE100116-9441-4899-8244-1E10CF697C98}.Debug|Any CPU.Build.0 = Debug|Any CPU
		{DE100116-9441-4899-8244-1E10CF697C98}.Release|Any CPU.ActiveCfg = Release|Any CPU
		{DE100116-9441-4899-8244-1E10CF697C98}.Release|Any CPU.Build.0 = Release|Any CPU
	EndGlobalSection
	GlobalSection(SolutionProperties) = preSolution
		HideSolutionNode = FALSE
	EndGlobalSection
	GlobalSection(ExtensibilityGlobals) = postSolution
		SolutionGuid = {B7EC652B-050F-45A3-B8B8-ACFFABF5A9FB}
	EndGlobalSection
EndGlobal
