
Microsoft Visual Studio Solution File, Format Version 12.00
# Visual Studio Version 16
VisualStudioVersion = 16.0.31728.76
MinimumVisualStudioVersion = 10.0.40219.1
Project("{FAE04EC0-301F-11D3-BF4B-00C04F79EFBC}") = "Exercicio1044Multiplo", "Exercicio1044Multiplo\Exercicio1044Multiplo.csproj", "{2C6D17AB-38EA-4538-9BA1-DDD3B5DCE3D8}"
EndProject
Global
	GlobalSection(SolutionConfigurationPlatforms) = preSolution
		Debug|Any CPU = Debug|Any CPU
		Release|Any CPU = Release|Any CPU
	EndGlobalSection
	GlobalSection(ProjectConfigurationPlatforms) = postSolution
		{2C6D17AB-38EA-4538-9BA1-DDD3B5DCE3D8}.Debug|Any CPU.ActiveCfg = Debug|Any CPU
		{2C6D17AB-38EA-4538-9BA1-DDD3B5DCE3D8}.Debug|Any CPU.Build.0 = Debug|Any CPU
		{2C6D17AB-38EA-4538-9BA1-DDD3B5DCE3D8}.Release|Any CPU.ActiveCfg = Release|Any CPU
		{2C6D17AB-38EA-4538-9BA1-DDD3B5DCE3D8}.Release|Any CPU.Build.0 = Release|Any CPU
	EndGlobalSection
	GlobalSection(SolutionProperties) = preSolution
		HideSolutionNode = FALSE
	EndGlobalSection
	GlobalSection(ExtensibilityGlobals) = postSolution
		SolutionGuid = {660365CD-18FD-4EEC-A9CF-83E358A00D06}
	EndGlobalSection
EndGlobal
