
Microsoft Visual Studio Solution File, Format Version 12.00
# Visual Studio Version 16
VisualStudioVersion = 16.0.31728.76
MinimumVisualStudioVersion = 10.0.40219.1
Project("{9A19103F-16F7-4668-BE54-9A1E7A4F7556}") = "PROJETOSTESTE", "PrimeiroProjeto\PROJETOSTESTE.csproj", "{FAA29FD0-AAAB-4ED0-923F-2671B14E3088}"
EndProject
Global
	GlobalSection(SolutionConfigurationPlatforms) = preSolution
		Debug|Any CPU = Debug|Any CPU
		Release|Any CPU = Release|Any CPU
	EndGlobalSection
	GlobalSection(ProjectConfigurationPlatforms) = postSolution
		{FAA29FD0-AAAB-4ED0-923F-2671B14E3088}.Debug|Any CPU.ActiveCfg = Debug|Any CPU
		{FAA29FD0-AAAB-4ED0-923F-2671B14E3088}.Debug|Any CPU.Build.0 = Debug|Any CPU
		{FAA29FD0-AAAB-4ED0-923F-2671B14E3088}.Release|Any CPU.ActiveCfg = Release|Any CPU
		{FAA29FD0-AAAB-4ED0-923F-2671B14E3088}.Release|Any CPU.Build.0 = Release|Any CPU
	EndGlobalSection
	GlobalSection(SolutionProperties) = preSolution
		HideSolutionNode = FALSE
	EndGlobalSection
	GlobalSection(ExtensibilityGlobals) = postSolution
		SolutionGuid = {0A6A449F-FE5D-4DE0-9C4B-620E5F54D4CE}
	EndGlobalSection
EndGlobal
